
Microsoft Visual Studio Solution File, Format Version 12.00
# Visual Studio 15
VisualStudioVersion = 15.0.28307.705
MinimumVisualStudioVersion = 10.0.40219.1
Project("{9A19103F-16F7-4668-BE54-9A1E7A4F7556}") = "VueJSDotNetCore", "VueJSApp\VueJSDotNetCore.csproj", "{FF7C94C8-B583-4B2C-A8B9-D425AC168452}"
EndProject
Project("{9A19103F-16F7-4668-BE54-9A1E7A4F7556}") = "AWSServerless_webAPI", "AWSServerless_webAPI\AWSServerless_webAPI.csproj", "{E5A9944B-079E-4F58-BA42-93010C6B043C}"
EndProject
Global
	GlobalSection(SolutionConfigurationPlatforms) = preSolution
		Debug|Any CPU = Debug|Any CPU
		Release|Any CPU = Release|Any CPU
	EndGlobalSection
	GlobalSection(ProjectConfigurationPlatforms) = postSolution
		{FF7C94C8-B583-4B2C-A8B9-D425AC168452}.Debug|Any CPU.ActiveCfg = Debug|Any CPU
		{FF7C94C8-B583-4B2C-A8B9-D425AC168452}.Debug|Any CPU.Build.0 = Debug|Any CPU
		{FF7C94C8-B583-4B2C-A8B9-D425AC168452}.Release|Any CPU.ActiveCfg = Release|Any CPU
		{FF7C94C8-B583-4B2C-A8B9-D425AC168452}.Release|Any CPU.Build.0 = Release|Any CPU
		{E5A9944B-079E-4F58-BA42-93010C6B043C}.Debug|Any CPU.ActiveCfg = Debug|Any CPU
		{E5A9944B-079E-4F58-BA42-93010C6B043C}.Debug|Any CPU.Build.0 = Debug|Any CPU
		{E5A9944B-079E-4F58-BA42-93010C6B043C}.Release|Any CPU.ActiveCfg = Release|Any CPU
		{E5A9944B-079E-4F58-BA42-93010C6B043C}.Release|Any CPU.Build.0 = Release|Any CPU
	EndGlobalSection
	GlobalSection(SolutionProperties) = preSolution
		HideSolutionNode = FALSE
	EndGlobalSection
	GlobalSection(ExtensibilityGlobals) = postSolution
		SolutionGuid = {6F1A3A47-EE55-461A-A4F7-F95F4C7AA91A}
	EndGlobalSection
EndGlobal
